// !$*UTF8*$!
{
	archiveVersion = 1;
	classes = {
	};
	objectVersion = 46;
	objects = {

/* Begin PBXBuildFile section */
		46032FB21DB0C5C2004279D1 /* LaNavigationController.m in Sources */ = {isa = PBXBuildFile; fileRef = 46032FB11DB0C5C2004279D1 /* LaNavigationController.m */; };
		46194B681DAF8524007B9260 /* Assets.xcassets in Resources */ = {isa = PBXBuildFile; fileRef = 46194B381DAF8524007B9260 /* Assets.xcassets */; };
		46194B6B1DAF8524007B9260 /* LaEssenceViewController.m in Sources */ = {isa = PBXBuildFile; fileRef = 46194B431DAF8524007B9260 /* LaEssenceViewController.m */; };
		46194B6C1DAF8524007B9260 /* LaFriendTrendsViewController.m in Sources */ = {isa = PBXBuildFile; fileRef = 46194B491DAF8524007B9260 /* LaFriendTrendsViewController.m */; };
		46194B6D1DAF8524007B9260 /* LaMeViewController.m in Sources */ = {isa = PBXBuildFile; fileRef = 46194B4F1DAF8524007B9260 /* LaMeViewController.m */; };
		46194B6E1DAF8524007B9260 /* LaNewViewController.m in Sources */ = {isa = PBXBuildFile; fileRef = 46194B551DAF8524007B9260 /* LaNewViewController.m */; };
		46194B6F1DAF8524007B9260 /* AppDelegate.m in Sources */ = {isa = PBXBuildFile; fileRef = 46194B5A1DAF8524007B9260 /* AppDelegate.m */; };
		46194B701DAF8524007B9260 /* UIBarButtonItem+LaExtension.m in Sources */ = {isa = PBXBuildFile; fileRef = 46194B5D1DAF8524007B9260 /* UIBarButtonItem+LaExtension.m */; };
		46194B711DAF8524007B9260 /* UIView+LaExtension.m in Sources */ = {isa = PBXBuildFile; fileRef = 46194B5F1DAF8524007B9260 /* UIView+LaExtension.m */; };
		46194B721DAF8524007B9260 /* LaTabBarController.m in Sources */ = {isa = PBXBuildFile; fileRef = 46194B621DAF8524007B9260 /* LaTabBarController.m */; };
		46194B731DAF8524007B9260 /* main.m in Sources */ = {isa = PBXBuildFile; fileRef = 46194B641DAF8524007B9260 /* main.m */; };
		46194B741DAF8524007B9260 /* LaTabBar.m in Sources */ = {isa = PBXBuildFile; fileRef = 46194B671DAF8524007B9260 /* LaTabBar.m */; };
/* End PBXBuildFile section */

/* Begin PBXFileReference section */
		46032FB01DB0C5C2004279D1 /* LaNavigationController.h */ = {isa = PBXFileReference; fileEncoding = 4; lastKnownFileType = sourcecode.c.h; path = LaNavigationController.h; sourceTree = "<group>"; };
		46032FB11DB0C5C2004279D1 /* LaNavigationController.m */ = {isa = PBXFileReference; fileEncoding = 4; lastKnownFileType = sourcecode.c.objc; path = LaNavigationController.m; sourceTree = "<group>"; };
		46194B381DAF8524007B9260 /* Assets.xcassets */ = {isa = PBXFileReference; lastKnownFileType = folder.assetcatalog; path = Assets.xcassets; sourceTree = "<group>"; };
		46194B3A1DAF8524007B9260 /* Base */ = {isa = PBXFileReference; lastKnownFileType = wrapper.xcdatamodeld; name = Base; path = "Base.lproj/_____.xcdatamodeld"; sourceTree = "<group>"; };
		46194B3C1DAF8524007B9260 /* Base */ = {isa = PBXFileReference; lastKnownFileType = text.plist.xml; name = Base; path = Base.lproj/Info.plist; sourceTree = "<group>"; };
		46194B3E1DAF8524007B9260 /* Base */ = {isa = PBXFileReference; lastKnownFileType = file.storyboard; name = Base; path = Base.lproj/LaunchScreen.storyboard; sourceTree = "<group>"; };
		46194B421DAF8524007B9260 /* LaEssenceViewController.h */ = {isa = PBXFileReference; fileEncoding = 4; lastKnownFileType = sourcecode.c.h; path = LaEssenceViewController.h; sourceTree = "<group>"; };
		46194B431DAF8524007B9260 /* LaEssenceViewController.m */ = {isa = PBXFileReference; fileEncoding = 4; lastKnownFileType = sourcecode.c.objc; path = LaEssenceViewController.m; sourceTree = "<group>"; };
		46194B481DAF8524007B9260 /* LaFriendTrendsViewController.h */ = {isa = PBXFileReference; fileEncoding = 4; lastKnownFileType = sourcecode.c.h; path = LaFriendTrendsViewController.h; sourceTree = "<group>"; };
		46194B491DAF8524007B9260 /* LaFriendTrendsViewController.m */ = {isa = PBXFileReference; fileEncoding = 4; lastKnownFileType = sourcecode.c.objc; path = LaFriendTrendsViewController.m; sourceTree = "<group>"; };
		46194B4E1DAF8524007B9260 /* LaMeViewController.h */ = {isa = PBXFileReference; fileEncoding = 4; lastKnownFileType = sourcecode.c.h; path = LaMeViewController.h; sourceTree = "<group>"; };
		46194B4F1DAF8524007B9260 /* LaMeViewController.m */ = {isa = PBXFileReference; fileEncoding = 4; lastKnownFileType = sourcecode.c.objc; path = LaMeViewController.m; sourceTree = "<group>"; };
		46194B541DAF8524007B9260 /* LaNewViewController.h */ = {isa = PBXFileReference; fileEncoding = 4; lastKnownFileType = sourcecode.c.h; path = LaNewViewController.h; sourceTree = "<group>"; };
		46194B551DAF8524007B9260 /* LaNewViewController.m */ = {isa = PBXFileReference; fileEncoding = 4; lastKnownFileType = sourcecode.c.objc; path = LaNewViewController.m; sourceTree = "<group>"; };
		46194B591DAF8524007B9260 /* AppDelegate.h */ = {isa = PBXFileReference; fileEncoding = 4; lastKnownFileType = sourcecode.c.h; path = AppDelegate.h; sourceTree = "<group>"; };
		46194B5A1DAF8524007B9260 /* AppDelegate.m */ = {isa = PBXFileReference; fileEncoding = 4; lastKnownFileType = sourcecode.c.objc; path = AppDelegate.m; sourceTree = "<group>"; };
		46194B5C1DAF8524007B9260 /* UIBarButtonItem+LaExtension.h */ = {isa = PBXFileReference; fileEncoding = 4; lastKnownFileType = sourcecode.c.h; path = "UIBarButtonItem+LaExtension.h"; sourceTree = "<group>"; };
		46194B5D1DAF8524007B9260 /* UIBarButtonItem+LaExtension.m */ = {isa = PBXFileReference; fileEncoding = 4; lastKnownFileType = sourcecode.c.objc; path = "UIBarButtonItem+LaExtension.m"; sourceTree = "<group>"; };
		46194B5E1DAF8524007B9260 /* UIView+LaExtension.h */ = {isa = PBXFileReference; fileEncoding = 4; lastKnownFileType = sourcecode.c.h; path = "UIView+LaExtension.h"; sourceTree = "<group>"; };
		46194B5F1DAF8524007B9260 /* UIView+LaExtension.m */ = {isa = PBXFileReference; fileEncoding = 4; lastKnownFileType = sourcecode.c.objc; path = "UIView+LaExtension.m"; sourceTree = "<group>"; };
		46194B611DAF8524007B9260 /* LaTabBarController.h */ = {isa = PBXFileReference; fileEncoding = 4; lastKnownFileType = sourcecode.c.h; path = LaTabBarController.h; sourceTree = "<group>"; };
		46194B621DAF8524007B9260 /* LaTabBarController.m */ = {isa = PBXFileReference; fileEncoding = 4; lastKnownFileType = sourcecode.c.objc; path = LaTabBarController.m; sourceTree = "<group>"; };
		46194B631DAF8524007B9260 /* Header.h */ = {isa = PBXFileReference; fileEncoding = 4; lastKnownFileType = sourcecode.c.h; path = Header.h; sourceTree = "<group>"; };
		46194B641DAF8524007B9260 /* main.m */ = {isa = PBXFileReference; fileEncoding = 4; lastKnownFileType = sourcecode.c.objc; path = main.m; sourceTree = "<group>"; };
		46194B661DAF8524007B9260 /* LaTabBar.h */ = {isa = PBXFileReference; fileEncoding = 4; lastKnownFileType = sourcecode.c.h; path = LaTabBar.h; sourceTree = "<group>"; };
		46194B671DAF8524007B9260 /* LaTabBar.m */ = {isa = PBXFileReference; fileEncoding = 4; lastKnownFileType = sourcecode.c.objc; path = LaTabBar.m; sourceTree = "<group>"; };
		464F16151DAA392600AE2935 /* 百思不得姐.app */ = {isa = PBXFileReference; explicitFileType = wrapper.application; includeInIndex = 0; path = "百思不得姐.app"; sourceTree = BUILT_PRODUCTS_DIR; };
/* End PBXFileReference section */

/* Begin PBXFrameworksBuildPhase section */
		464F16121DAA392600AE2935 /* Frameworks */ = {
			isa = PBXFrameworksBuildPhase;
			buildActionMask = 2147483647;
			files = (
			);
			runOnlyForDeploymentPostprocessing = 0;
		};
/* End PBXFrameworksBuildPhase section */

/* Begin PBXGroup section */
		46194B371DAF8524007B9260 /* 百思不得姐 */ = {
			isa = PBXGroup;
			children = (
				46194B3F1DAF8524007B9260 /* Classes */,
				46194B751DAF8553007B9260 /* Supporting Files */,
			);
			path = "百思不得姐";
			sourceTree = "<group>";
		};
		46194B3F1DAF8524007B9260 /* Classes */ = {
			isa = PBXGroup;
			children = (
				46194B401DAF8524007B9260 /* Essence-精华 */,
				46194B461DAF8524007B9260 /* FriendTrends-关注 */,
				46194B4C1DAF8524007B9260 /* Me-我 */,
				46194B521DAF8524007B9260 /* New-新帖 */,
				46194B581DAF8524007B9260 /* Other-其他 */,
			);
			path = Classes;
			sourceTree = "<group>";
		};
		46194B401DAF8524007B9260 /* Essence-精华 */ = {
			isa = PBXGroup;
			children = (
				46194B411DAF8524007B9260 /* Controller */,
				46194B441DAF8524007B9260 /* Model */,
				46194B451DAF8524007B9260 /* View */,
			);
			path = "Essence-精华";
			sourceTree = "<group>";
		};
		46194B411DAF8524007B9260 /* Controller */ = {
			isa = PBXGroup;
			children = (
				46194B421DAF8524007B9260 /* LaEssenceViewController.h */,
				46194B431DAF8524007B9260 /* LaEssenceViewController.m */,
			);
			path = Controller;
			sourceTree = "<group>";
		};
		46194B441DAF8524007B9260 /* Model */ = {
			isa = PBXGroup;
			children = (
			);
			path = Model;
			sourceTree = "<group>";
		};
		46194B451DAF8524007B9260 /* View */ = {
			isa = PBXGroup;
			children = (
			);
			path = View;
			sourceTree = "<group>";
		};
		46194B461DAF8524007B9260 /* FriendTrends-关注 */ = {
			isa = PBXGroup;
			children = (
				46194B471DAF8524007B9260 /* Controller */,
				46194B4A1DAF8524007B9260 /* Model */,
				46194B4B1DAF8524007B9260 /* View */,
			);
			path = "FriendTrends-关注";
			sourceTree = "<group>";
		};
		46194B471DAF8524007B9260 /* Controller */ = {
			isa = PBXGroup;
			children = (
				46194B481DAF8524007B9260 /* LaFriendTrendsViewController.h */,
				46194B491DAF8524007B9260 /* LaFriendTrendsViewController.m */,
			);
			path = Controller;
			sourceTree = "<group>";
		};
		46194B4A1DAF8524007B9260 /* Model */ = {
			isa = PBXGroup;
			children = (
			);
			path = Model;
			sourceTree = "<group>";
		};
		46194B4B1DAF8524007B9260 /* View */ = {
			isa = PBXGroup;
			children = (
			);
			path = View;
			sourceTree = "<group>";
		};
		46194B4C1DAF8524007B9260 /* Me-我 */ = {
			isa = PBXGroup;
			children = (
				46194B4D1DAF8524007B9260 /* Controller */,
				46194B501DAF8524007B9260 /* Model */,
				46194B511DAF8524007B9260 /* View */,
			);
			path = "Me-我";
			sourceTree = "<group>";
		};
		46194B4D1DAF8524007B9260 /* Controller */ = {
			isa = PBXGroup;
			children = (
				46194B4E1DAF8524007B9260 /* LaMeViewController.h */,
				46194B4F1DAF8524007B9260 /* LaMeViewController.m */,
			);
			path = Controller;
			sourceTree = "<group>";
		};
		46194B501DAF8524007B9260 /* Model */ = {
			isa = PBXGroup;
			children = (
			);
			path = Model;
			sourceTree = "<group>";
		};
		46194B511DAF8524007B9260 /* View */ = {
			isa = PBXGroup;
			children = (
			);
			path = View;
			sourceTree = "<group>";
		};
		46194B521DAF8524007B9260 /* New-新帖 */ = {
			isa = PBXGroup;
			children = (
				46194B531DAF8524007B9260 /* Controller */,
				46194B561DAF8524007B9260 /* Model */,
				46194B571DAF8524007B9260 /* View */,
			);
			path = "New-新帖";
			sourceTree = "<group>";
		};
		46194B531DAF8524007B9260 /* Controller */ = {
			isa = PBXGroup;
			children = (
				46194B541DAF8524007B9260 /* LaNewViewController.h */,
				46194B551DAF8524007B9260 /* LaNewViewController.m */,
			);
			path = Controller;
			sourceTree = "<group>";
		};
		46194B561DAF8524007B9260 /* Model */ = {
			isa = PBXGroup;
			children = (
			);
			path = Model;
			sourceTree = "<group>";
		};
		46194B571DAF8524007B9260 /* View */ = {
			isa = PBXGroup;
			children = (
			);
			path = View;
			sourceTree = "<group>";
		};
		46194B581DAF8524007B9260 /* Other-其他 */ = {
			isa = PBXGroup;
			children = (
				46194B5B1DAF8524007B9260 /* Category */,
				46194B601DAF8524007B9260 /* Controller */,
				46194B651DAF8524007B9260 /* View */,
				46194B591DAF8524007B9260 /* AppDelegate.h */,
				46194B5A1DAF8524007B9260 /* AppDelegate.m */,
				46194B631DAF8524007B9260 /* Header.h */,
				46194B641DAF8524007B9260 /* main.m */,
			);
			path = "Other-其他";
			sourceTree = "<group>";
		};
		46194B5B1DAF8524007B9260 /* Category */ = {
			isa = PBXGroup;
			children = (
				46194B5C1DAF8524007B9260 /* UIBarButtonItem+LaExtension.h */,
				46194B5D1DAF8524007B9260 /* UIBarButtonItem+LaExtension.m */,
				46194B5E1DAF8524007B9260 /* UIView+LaExtension.h */,
				46194B5F1DAF8524007B9260 /* UIView+LaExtension.m */,
			);
			path = Category;
			sourceTree = "<group>";
		};
		46194B601DAF8524007B9260 /* Controller */ = {
			isa = PBXGroup;
			children = (
				46194B611DAF8524007B9260 /* LaTabBarController.h */,
				46194B621DAF8524007B9260 /* LaTabBarController.m */,
				46032FB01DB0C5C2004279D1 /* LaNavigationController.h */,
				46032FB11DB0C5C2004279D1 /* LaNavigationController.m */,
			);
			path = Controller;
			sourceTree = "<group>";
		};
		46194B651DAF8524007B9260 /* View */ = {
			isa = PBXGroup;
			children = (
				46194B661DAF8524007B9260 /* LaTabBar.h */,
				46194B671DAF8524007B9260 /* LaTabBar.m */,
			);
			path = View;
			sourceTree = "<group>";
		};
		46194B751DAF8553007B9260 /* Supporting Files */ = {
			isa = PBXGroup;
			children = (
				46194B3B1DAF8524007B9260 /* Info.plist */,
				46194B381DAF8524007B9260 /* Assets.xcassets */,
				46194B391DAF8524007B9260 /* _____.xcdatamodeld */,
				46194B3D1DAF8524007B9260 /* LaunchScreen.storyboard */,
			);
			name = "Supporting Files";
			sourceTree = "<group>";
		};
		464F160C1DAA392600AE2935 = {
			isa = PBXGroup;
			children = (
				46194B371DAF8524007B9260 /* 百思不得姐 */,
				464F16161DAA392600AE2935 /* Products */,
			);
			sourceTree = "<group>";
		};
		464F16161DAA392600AE2935 /* Products */ = {
			isa = PBXGroup;
			children = (
				464F16151DAA392600AE2935 /* 百思不得姐.app */,
			);
			name = Products;
			sourceTree = "<group>";
		};
/* End PBXGroup section */

/* Begin PBXNativeTarget section */
		464F16141DAA392600AE2935 /* 百思不得姐 */ = {
			isa = PBXNativeTarget;
			buildConfigurationList = 464F162F1DAA392600AE2935 /* Build configuration list for PBXNativeTarget "百思不得姐" */;
			buildPhases = (
				464F16111DAA392600AE2935 /* Sources */,
				464F16121DAA392600AE2935 /* Frameworks */,
				464F16131DAA392600AE2935 /* Resources */,
			);
			buildRules = (
			);
			dependencies = (
			);
			name = "百思不得姐";
			productName = "百思不得姐";
			productReference = 464F16151DAA392600AE2935 /* 百思不得姐.app */;
			productType = "com.apple.product-type.application";
		};
/* End PBXNativeTarget section */

/* Begin PBXProject section */
		464F160D1DAA392600AE2935 /* Project object */ = {
			isa = PBXProject;
			attributes = {
				CLASSPREFIX = La;
				LastUpgradeCheck = 0800;
				ORGANIZATIONNAME = "柳钰柯";
				TargetAttributes = {
					464F16141DAA392600AE2935 = {
						CreatedOnToolsVersion = 8.0;
						DevelopmentTeam = 2TGP4UWJ45;
						ProvisioningStyle = Automatic;
					};
				};
			};
			buildConfigurationList = 464F16101DAA392600AE2935 /* Build configuration list for PBXProject "百思不得姐" */;
			compatibilityVersion = "Xcode 3.2";
			developmentRegion = English;
			hasScannedForEncodings = 0;
			knownRegions = (
				en,
				Base,
			);
			mainGroup = 464F160C1DAA392600AE2935;
			productRefGroup = 464F16161DAA392600AE2935 /* Products */;
			projectDirPath = "";
			projectRoot = "";
			targets = (
				464F16141DAA392600AE2935 /* 百思不得姐 */,
			);
		};
/* End PBXProject section */

/* Begin PBXResourcesBuildPhase section */
		464F16131DAA392600AE2935 /* Resources */ = {
			isa = PBXResourcesBuildPhase;
			buildActionMask = 2147483647;
			files = (
				46194B681DAF8524007B9260 /* Assets.xcassets in Resources */,
			);
			runOnlyForDeploymentPostprocessing = 0;
		};
/* End PBXResourcesBuildPhase section */

/* Begin PBXSourcesBuildPhase section */
		464F16111DAA392600AE2935 /* Sources */ = {
			isa = PBXSourcesBuildPhase;
			buildActionMask = 2147483647;
			files = (
				46194B6B1DAF8524007B9260 /* LaEssenceViewController.m in Sources */,
				46194B6C1DAF8524007B9260 /* LaFriendTrendsViewController.m in Sources */,
				46194B711DAF8524007B9260 /* UIView+LaExtension.m in Sources */,
				46194B6E1DAF8524007B9260 /* LaNewViewController.m in Sources */,
				46194B721DAF8524007B9260 /* LaTabBarController.m in Sources */,
				46194B701DAF8524007B9260 /* UIBarButtonItem+LaExtension.m in Sources */,
				46032FB21DB0C5C2004279D1 /* LaNavigationController.m in Sources */,
				46194B741DAF8524007B9260 /* LaTabBar.m in Sources */,
				46194B6D1DAF8524007B9260 /* LaMeViewController.m in Sources */,
				46194B731DAF8524007B9260 /* main.m in Sources */,
				46194B6F1DAF8524007B9260 /* AppDelegate.m in Sources */,
			);
			runOnlyForDeploymentPostprocessing = 0;
		};
/* End PBXSourcesBuildPhase section */

/* Begin PBXVariantGroup section */
		46194B391DAF8524007B9260 /* _____.xcdatamodeld */ = {
			isa = PBXVariantGroup;
			children = (
				46194B3A1DAF8524007B9260 /* Base */,
			);
			name = "_____.xcdatamodeld";
			sourceTree = "<group>";
		};
		46194B3B1DAF8524007B9260 /* Info.plist */ = {
			isa = PBXVariantGroup;
			children = (
				46194B3C1DAF8524007B9260 /* Base */,
			);
			name = Info.plist;
			sourceTree = "<group>";
		};
		46194B3D1DAF8524007B9260 /* LaunchScreen.storyboard */ = {
			isa = PBXVariantGroup;
			children = (
				46194B3E1DAF8524007B9260 /* Base */,
			);
			name = LaunchScreen.storyboard;
			sourceTree = "<group>";
		};
/* End PBXVariantGroup section */

/* Begin XCBuildConfiguration section */
		464F162D1DAA392600AE2935 /* Debug */ = {
			isa = XCBuildConfiguration;
			buildSettings = {
				ALWAYS_SEARCH_USER_PATHS = NO;
				CLANG_ANALYZER_NONNULL = YES;
				CLANG_CXX_LANGUAGE_STANDARD = "gnu++0x";
				CLANG_CXX_LIBRARY = "libc++";
				CLANG_ENABLE_MODULES = YES;
				CLANG_ENABLE_OBJC_ARC = YES;
				CLANG_WARN_BOOL_CONVERSION = YES;
				CLANG_WARN_CONSTANT_CONVERSION = YES;
				CLANG_WARN_DIRECT_OBJC_ISA_USAGE = YES_ERROR;
				CLANG_WARN_DOCUMENTATION_COMMENTS = YES;
				CLANG_WARN_EMPTY_BODY = YES;
				CLANG_WARN_ENUM_CONVERSION = YES;
				CLANG_WARN_INFINITE_RECURSION = YES;
				CLANG_WARN_INT_CONVERSION = YES;
				CLANG_WARN_OBJC_ROOT_CLASS = YES_ERROR;
				CLANG_WARN_SUSPICIOUS_MOVES = YES;
				CLANG_WARN_UNREACHABLE_CODE = YES;
				CLANG_WARN__DUPLICATE_METHOD_MATCH = YES;
				"CODE_SIGN_IDENTITY[sdk=iphoneos*]" = "iPhone Developer";
				COPY_PHASE_STRIP = NO;
				DEBUG_INFORMATION_FORMAT = dwarf;
				ENABLE_STRICT_OBJC_MSGSEND = YES;
				ENABLE_TESTABILITY = YES;
				GCC_C_LANGUAGE_STANDARD = gnu99;
				GCC_DYNAMIC_NO_PIC = NO;
				GCC_NO_COMMON_BLOCKS = YES;
				GCC_OPTIMIZATION_LEVEL = 0;
				GCC_PREPROCESSOR_DEFINITIONS = (
					"DEBUG=1",
					"$(inherited)",
				);
				GCC_WARN_64_TO_32_BIT_CONVERSION = YES;
				GCC_WARN_ABOUT_RETURN_TYPE = YES_ERROR;
				GCC_WARN_UNDECLARED_SELECTOR = YES;
				GCC_WARN_UNINITIALIZED_AUTOS = YES_AGGRESSIVE;
				GCC_WARN_UNUSED_FUNCTION = YES;
				GCC_WARN_UNUSED_VARIABLE = YES;
				IPHONEOS_DEPLOYMENT_TARGET = 10.0;
				MTL_ENABLE_DEBUG_INFO = YES;
				ONLY_ACTIVE_ARCH = YES;
				SDKROOT = iphoneos;
			};
			name = Debug;
		};
		464F162E1DAA392600AE2935 /* Release */ = {
			isa = XCBuildConfiguration;
			buildSettings = {
				ALWAYS_SEARCH_USER_PATHS = NO;
				CLANG_ANALYZER_NONNULL = YES;
				CLANG_CXX_LANGUAGE_STANDARD = "gnu++0x";
				CLANG_CXX_LIBRARY = "libc++";
				CLANG_ENABLE_MODULES = YES;
				CLANG_ENABLE_OBJC_ARC = YES;
				CLANG_WARN_BOOL_CONVERSION = YES;
				CLANG_WARN_CONSTANT_CONVERSION = YES;
				CLANG_WARN_DIRECT_OBJC_ISA_USAGE = YES_ERROR;
				CLANG_WARN_DOCUMENTATION_COMMENTS = YES;
				CLANG_WARN_EMPTY_BODY = YES;
				CLANG_WARN_ENUM_CONVERSION = YES;
				CLANG_WARN_INFINITE_RECURSION = YES;
				CLANG_WARN_INT_CONVERSION = YES;
				CLANG_WARN_OBJC_ROOT_CLASS = YES_ERROR;
				CLANG_WARN_SUSPICIOUS_MOVES = YES;
				CLANG_WARN_UNREACHABLE_CODE = YES;
				CLANG_WARN__DUPLICATE_METHOD_MATCH = YES;
				"CODE_SIGN_IDENTITY[sdk=iphoneos*]" = "iPhone Developer";
				COPY_PHASE_STRIP = NO;
				DEBUG_INFORMATION_FORMAT = "dwarf-with-dsym";
				ENABLE_NS_ASSERTIONS = NO;
				ENABLE_STRICT_OBJC_MSGSEND = YES;
				GCC_C_LANGUAGE_STANDARD = gnu99;
				GCC_NO_COMMON_BLOCKS = YES;
				GCC_WARN_64_TO_32_BIT_CONVERSION = YES;
				GCC_WARN_ABOUT_RETURN_TYPE = YES_ERROR;
				GCC_WARN_UNDECLARED_SELECTOR = YES;
				GCC_WARN_UNINITIALIZED_AUTOS = YES_AGGRESSIVE;
				GCC_WARN_UNUSED_FUNCTION = YES;
				GCC_WARN_UNUSED_VARIABLE = YES;
				IPHONEOS_DEPLOYMENT_TARGET = 10.0;
				MTL_ENABLE_DEBUG_INFO = NO;
				SDKROOT = iphoneos;
				VALIDATE_PRODUCT = YES;
			};
			name = Release;
		};
		464F16301DAA392600AE2935 /* Debug */ = {
			isa = XCBuildConfiguration;
			buildSettings = {
				ASSETCATALOG_COMPILER_APPICON_NAME = AppIcon;
				DEVELOPMENT_TEAM = 2TGP4UWJ45;
				GCC_PREFIX_HEADER = "百思不得姐/Classes/Other-其他/Header.h";
				INFOPLIST_FILE = "百思不得姐/Base.lproj/Info.plist";
				LD_RUNPATH_SEARCH_PATHS = "$(inherited) @executable_path/Frameworks";
				PRODUCT_BUNDLE_IDENTIFIER = "Larrycal.-----";
				PRODUCT_NAME = "$(TARGET_NAME)";
			};
			name = Debug;
		};
		464F16311DAA392600AE2935 /* Release */ = {
			isa = XCBuildConfiguration;
			buildSettings = {
				ASSETCATALOG_COMPILER_APPICON_NAME = AppIcon;
				DEVELOPMENT_TEAM = 2TGP4UWJ45;
				GCC_PREFIX_HEADER = "百思不得姐/Classes/Other-其他/Header.h";
				INFOPLIST_FILE = "百思不得姐/Base.lproj/Info.plist";
				LD_RUNPATH_SEARCH_PATHS = "$(inherited) @executable_path/Frameworks";
				PRODUCT_BUNDLE_IDENTIFIER = "Larrycal.-----";
				PRODUCT_NAME = "$(TARGET_NAME)";
			};
			name = Release;
		};
/* End XCBuildConfiguration section */

/* Begin XCConfigurationList section */
		464F16101DAA392600AE2935 /* Build configuration list for PBXProject "百思不得姐" */ = {
			isa = XCConfigurationList;
			buildConfigurations = (
				464F162D1DAA392600AE2935 /* Debug */,
				464F162E1DAA392600AE2935 /* Release */,
			);
			defaultConfigurationIsVisible = 0;
			defaultConfigurationName = Release;
		};
		464F162F1DAA392600AE2935 /* Build configuration list for PBXNativeTarget "百思不得姐" */ = {
			isa = XCConfigurationList;
			buildConfigurations = (
				464F16301DAA392600AE2935 /* Debug */,
				464F16311DAA392600AE2935 /* Release */,
			);
			defaultConfigurationIsVisible = 0;
			defaultConfigurationName = Release;
		};
/* End XCConfigurationList section */
	};
	rootObject = 464F160D1DAA392600AE2935 /* Project object */;
}
